// !$*UTF8*$!
{
	archiveVersion = 1;
	classes = {
	};
	objectVersion = 50;
	objects = {

/* Begin PBXBuildFile section */
		8F06FB1720FCDB55007C391E /* AppDelegate.swift in Sources */ = {isa = PBXBuildFile; fileRef = 8F06FB1620FCDB55007C391E /* AppDelegate.swift */; };
		8F06FB1920FCDB55007C391E /* SlidingAlertViewController.swift in Sources */ = {isa = PBXBuildFile; fileRef = 8F06FB1820FCDB55007C391E /* SlidingAlertViewController.swift */; };
		8F06FB1C20FCDB55007C391E /* Main.storyboard in Resources */ = {isa = PBXBuildFile; fileRef = 8F06FB1A20FCDB55007C391E /* Main.storyboard */; };
		8F06FB1E20FCDB57007C391E /* Assets.xcassets in Resources */ = {isa = PBXBuildFile; fileRef = 8F06FB1D20FCDB57007C391E /* Assets.xcassets */; };
		8F06FB2120FCDB57007C391E /* LaunchScreen.storyboard in Resources */ = {isa = PBXBuildFile; fileRef = 8F06FB1F20FCDB57007C391E /* LaunchScreen.storyboard */; };
		8F48F3DF20FD0A7500132E68 /* ViewController.swift in Sources */ = {isa = PBXBuildFile; fileRef = 8F48F3DE20FD0A7500132E68 /* ViewController.swift */; };
/* End PBXBuildFile section */

/* Begin PBXFileReference section */
		8F06FB1320FCDB55007C391E /* SlidingAlertViewController.app */ = {isa = PBXFileReference; explicitFileType = wrapper.application; includeInIndex = 0; path = SlidingAlertViewController.app; sourceTree = BUILT_PRODUCTS_DIR; };
		8F06FB1620FCDB55007C391E /* AppDelegate.swift */ = {isa = PBXFileReference; lastKnownFileType = sourcecode.swift; path = AppDelegate.swift; sourceTree = "<group>"; };
		8F06FB1820FCDB55007C391E /* SlidingAlertViewController.swift */ = {isa = PBXFileReference; lastKnownFileType = sourcecode.swift; path = SlidingAlertViewController.swift; sourceTree = "<group>"; };
		8F06FB1B20FCDB55007C391E /* Base */ = {isa = PBXFileReference; lastKnownFileType = file.storyboard; name = Base; path = Base.lproj/Main.storyboard; sourceTree = "<group>"; };
		8F06FB1D20FCDB57007C391E /* Assets.xcassets */ = {isa = PBXFileReference; lastKnownFileType = folder.assetcatalog; path = Assets.xcassets; sourceTree = "<group>"; };
		8F06FB2020FCDB57007C391E /* Base */ = {isa = PBXFileReference; lastKnownFileType = file.storyboard; name = Base; path = Base.lproj/LaunchScreen.storyboard; sourceTree = "<group>"; };
		8F06FB2220FCDB57007C391E /* Info.plist */ = {isa = PBXFileReference; lastKnownFileType = text.plist.xml; path = Info.plist; sourceTree = "<group>"; };
		8F48F3DE20FD0A7500132E68 /* ViewController.swift */ = {isa = PBXFileReference; lastKnownFileType = sourcecode.swift; path = ViewController.swift; sourceTree = "<group>"; };
/* End PBXFileReference section */

/* Begin PBXFrameworksBuildPhase section */
		8F06FB1020FCDB55007C391E /* Frameworks */ = {
			isa = PBXFrameworksBuildPhase;
			buildActionMask = 2147483647;
			files = (
			);
			runOnlyForDeploymentPostprocessing = 0;
		};
/* End PBXFrameworksBuildPhase section */

/* Begin PBXGroup section */
		8F06FB0A20FCDB55007C391E = {
			isa = PBXGroup;
			children = (
				8F06FB1520FCDB55007C391E /* SlidingAlertViewController */,
				8F06FB1420FCDB55007C391E /* Products */,
			);
			sourceTree = "<group>";
		};
		8F06FB1420FCDB55007C391E /* Products */ = {
			isa = PBXGroup;
			children = (
				8F06FB1320FCDB55007C391E /* SlidingAlertViewController.app */,
			);
			name = Products;
			sourceTree = "<group>";
		};
		8F06FB1520FCDB55007C391E /* SlidingAlertViewController */ = {
			isa = PBXGroup;
			children = (
				8F06FB1620FCDB55007C391E /* AppDelegate.swift */,
				8F06FB1820FCDB55007C391E /* SlidingAlertViewController.swift */,
				8F48F3DE20FD0A7500132E68 /* ViewController.swift */,
				8F06FB1A20FCDB55007C391E /* Main.storyboard */,
				8F06FB1D20FCDB57007C391E /* Assets.xcassets */,
				8F06FB1F20FCDB57007C391E /* LaunchScreen.storyboard */,
				8F06FB2220FCDB57007C391E /* Info.plist */,
			);
			path = SlidingAlertViewController;
			sourceTree = "<group>";
		};
/* End PBXGroup section */

/* Begin PBXNativeTarget section */
		8F06FB1220FCDB55007C391E /* SlidingAlertViewController */ = {
			isa = PBXNativeTarget;
			buildConfigurationList = 8F06FB2520FCDB57007C391E /* Build configuration list for PBXNativeTarget "SlidingAlertViewController" */;
			buildPhases = (
				8F06FB0F20FCDB55007C391E /* Sources */,
				8F06FB1020FCDB55007C391E /* Frameworks */,
				8F06FB1120FCDB55007C391E /* Resources */,
			);
			buildRules = (
			);
			dependencies = (
			);
			name = SlidingAlertViewController;
			productName = SlidingAlertViewController;
			productReference = 8F06FB1320FCDB55007C391E /* SlidingAlertViewController.app */;
			productType = "com.apple.product-type.application";
		};
/* End PBXNativeTarget section */

/* Begin PBXProject section */
		8F06FB0B20FCDB55007C391E /* Project object */ = {
			isa = PBXProject;
			attributes = {
				LastSwiftUpdateCheck = 0940;
				LastUpgradeCheck = 0940;
				ORGANIZATIONNAME = "Phase 2";
				TargetAttributes = {
					8F06FB1220FCDB55007C391E = {
						CreatedOnToolsVersion = 9.4.1;
					};
				};
			};
			buildConfigurationList = 8F06FB0E20FCDB55007C391E /* Build configuration list for PBXProject "SlidingAlertViewController" */;
			compatibilityVersion = "Xcode 9.3";
			developmentRegion = en;
			hasScannedForEncodings = 0;
			knownRegions = (
				en,
				Base,
			);
			mainGroup = 8F06FB0A20FCDB55007C391E;
			productRefGroup = 8F06FB1420FCDB55007C391E /* Products */;
			projectDirPath = "";
			projectRoot = "";
			targets = (
				8F06FB1220FCDB55007C391E /* SlidingAlertViewController */,
			);
		};
/* End PBXProject section */

/* Begin PBXResourcesBuildPhase section */
		8F06FB1120FCDB55007C391E /* Resources */ = {
			isa = PBXResourcesBuildPhase;
			buildActionMask = 2147483647;
			files = (
				8F06FB2120FCDB57007C391E /* LaunchScreen.storyboard in Resources */,
				8F06FB1E20FCDB57007C391E /* Assets.xcassets in Resources */,
				8F06FB1C20FCDB55007C391E /* Main.storyboard in Resources */,
			);
			runOnlyForDeploymentPostprocessing = 0;
		};
/* End PBXResourcesBuildPhase section */

/* Begin PBXSourcesBuildPhase section */
		8F06FB0F20FCDB55007C391E /* Sources */ = {
			isa = PBXSourcesBuildPhase;
			buildActionMask = 2147483647;
			files = (
				8F48F3DF20FD0A7500132E68 /* ViewController.swift in Sources */,
				8F06FB1920FCDB55007C391E /* SlidingAlertViewController.swift in Sources */,
				8F06FB1720FCDB55007C391E /* AppDelegate.swift in Sources */,
			);
			runOnlyForDeploymentPostprocessing = 0;
		};
/* End PBXSourcesBuildPhase section */

/* Begin PBXVariantGroup section */
		8F06FB1A20FCDB55007C391E /* Main.storyboard */ = {
			isa = PBXVariantGroup;
			children = (
				8F06FB1B20FCDB55007C391E /* Base */,
			);
			name = Main.storyboard;
			sourceTree = "<group>";
		};
		8F06FB1F20FCDB57007C391E /* LaunchScreen.storyboard */ = {
			isa = PBXVariantGroup;
			children = (
				8F06FB2020FCDB57007C391E /* Base */,
			);
			name = LaunchScreen.storyboard;
			sourceTree = "<group>";
		};
/* End PBXVariantGroup section */

/* Begin XCBuildConfiguration section */
		8F06FB2320FCDB57007C391E /* Debug */ = {
			isa = XCBuildConfiguration;
			buildSettings = {
				ALWAYS_SEARCH_USER_PATHS = NO;
				CLANG_ANALYZER_NONNULL = YES;
				CLANG_ANALYZER_NUMBER_OBJECT_CONVERSION = YES_AGGRESSIVE;
				CLANG_CXX_LANGUAGE_STANDARD = "gnu++14";
				CLANG_CXX_LIBRARY = "libc++";
				CLANG_ENABLE_MODULES = YES;
				CLANG_ENABLE_OBJC_ARC = YES;
				CLANG_ENABLE_OBJC_WEAK = YES;
				CLANG_WARN_BLOCK_CAPTURE_AUTORELEASING = YES;
				CLANG_WARN_BOOL_CONVERSION = YES;
				CLANG_WARN_COMMA = YES;
				CLANG_WARN_CONSTANT_CONVERSION = YES;
				CLANG_WARN_DEPRECATED_OBJC_IMPLEMENTATIONS = YES;
				CLANG_WARN_DIRECT_OBJC_ISA_USAGE = YES_ERROR;
				CLANG_WARN_DOCUMENTATION_COMMENTS = YES;
				CLANG_WARN_EMPTY_BODY = YES;
				CLANG_WARN_ENUM_CONVERSION = YES;
				CLANG_WARN_INFINITE_RECURSION = YES;
				CLANG_WARN_INT_CONVERSION = YES;
				CLANG_WARN_NON_LITERAL_NULL_CONVERSION = YES;
				CLANG_WARN_OBJC_IMPLICIT_RETAIN_SELF = YES;
				CLANG_WARN_OBJC_LITERAL_CONVERSION = YES;
				CLANG_WARN_OBJC_ROOT_CLASS = YES_ERROR;
				CLANG_WARN_RANGE_LOOP_ANALYSIS = YES;
				CLANG_WARN_STRICT_PROTOTYPES = YES;
				CLANG_WARN_SUSPICIOUS_MOVE = YES;
				CLANG_WARN_UNGUARDED_AVAILABILITY = YES_AGGRESSIVE;
				CLANG_WARN_UNREACHABLE_CODE = YES;
				CLANG_WARN__DUPLICATE_METHOD_MATCH = YES;
				CODE_SIGN_IDENTITY = "iPhone Developer";
				COPY_PHASE_STRIP = NO;
				DEBUG_INFORMATION_FORMAT = dwarf;
				ENABLE_STRICT_OBJC_MSGSEND = YES;
				ENABLE_TESTABILITY = YES;
				GCC_C_LANGUAGE_STANDARD = gnu11;
				GCC_DYNAMIC_NO_PIC = NO;
				GCC_NO_COMMON_BLOCKS = YES;
				GCC_OPTIMIZATION_LEVEL = 0;
				GCC_PREPROCESSOR_DEFINITIONS = (
					"DEBUG=1",
					"$(inherited)",
				);
				GCC_WARN_64_TO_32_BIT_CONVERSION = YES;
				GCC_WARN_ABOUT_RETURN_TYPE = YES_ERROR;
				GCC_WARN_UNDECLARED_SELECTOR = YES;
				GCC_WARN_UNINITIALIZED_AUTOS = YES_AGGRESSIVE;
				GCC_WARN_UNUSED_FUNCTION = YES;
				GCC_WARN_UNUSED_VARIABLE = YES;
				IPHONEOS_DEPLOYMENT_TARGET = 11.4;
				MTL_ENABLE_DEBUG_INFO = YES;
				ONLY_ACTIVE_ARCH = YES;
				SDKROOT = iphoneos;
				SWIFT_ACTIVE_COMPILATION_CONDITIONS = DEBUG;
				SWIFT_OPTIMIZATION_LEVEL = "-Onone";
			};
			name = Debug;
		};
		8F06FB2420FCDB57007C391E /* Release */ = {
			isa = XCBuildConfiguration;
			buildSettings = {
				ALWAYS_SEARCH_USER_PATHS = NO;
				CLANG_ANALYZER_NONNULL = YES;
				CLANG_ANALYZER_NUMBER_OBJECT_CONVERSION = YES_AGGRESSIVE;
				CLANG_CXX_LANGUAGE_STANDARD = "gnu++14";
				CLANG_CXX_LIBRARY = "libc++";
				CLANG_ENABLE_MODULES = YES;
				CLANG_ENABLE_OBJC_ARC = YES;
				CLANG_ENABLE_OBJC_WEAK = YES;
				CLANG_WARN_BLOCK_CAPTURE_AUTORELEASING = YES;
				CLANG_WARN_BOOL_CONVERSION = YES;
				CLANG_WARN_COMMA = YES;
				CLANG_WARN_CONSTANT_CONVERSION = YES;
				CLANG_WARN_DEPRECATED_OBJC_IMPLEMENTATIONS = YES;
				CLANG_WARN_DIRECT_OBJC_ISA_USAGE = YES_ERROR;
				CLANG_WARN_DOCUMENTATION_COMMENTS = YES;
				CLANG_WARN_EMPTY_BODY = YES;
				CLANG_WARN_ENUM_CONVERSION = YES;
				CLANG_WARN_INFINITE_RECURSION = YES;
				CLANG_WARN_INT_CONVERSION = YES;
				CLANG_WARN_NON_LITERAL_NULL_CONVERSION = YES;
				CLANG_WARN_OBJC_IMPLICIT_RETAIN_SELF = YES;
				CLANG_WARN_OBJC_LITERAL_CONVERSION = YES;
				CLANG_WARN_OBJC_ROOT_CLASS = YES_ERROR;
				CLANG_WARN_RANGE_LOOP_ANALYSIS = YES;
				CLANG_WARN_STRICT_PROTOTYPES = YES;
				CLANG_WARN_SUSPICIOUS_MOVE = YES;
				CLANG_WARN_UNGUARDED_AVAILABILITY = YES_AGGRESSIVE;
				CLANG_WARN_UNREACHABLE_CODE = YES;
				CLANG_WARN__DUPLICATE_METHOD_MATCH = YES;
				CODE_SIGN_IDENTITY = "iPhone Developer";
				COPY_PHASE_STRIP = NO;
				DEBUG_INFORMATION_FORMAT = "dwarf-with-dsym";
				ENABLE_NS_ASSERTIONS = NO;
				ENABLE_STRICT_OBJC_MSGSEND = YES;
				GCC_C_LANGUAGE_STANDARD = gnu11;
				GCC_NO_COMMON_BLOCKS = YES;
				GCC_WARN_64_TO_32_BIT_CONVERSION = YES;
				GCC_WARN_ABOUT_RETURN_TYPE = YES_ERROR;
				GCC_WARN_UNDECLARED_SELECTOR = YES;
				GCC_WARN_UNINITIALIZED_AUTOS = YES_AGGRESSIVE;
				GCC_WARN_UNUSED_FUNCTION = YES;
				GCC_WARN_UNUSED_VARIABLE = YES;
				IPHONEOS_DEPLOYMENT_TARGET = 11.4;
				MTL_ENABLE_DEBUG_INFO = NO;
				SDKROOT = iphoneos;
				SWIFT_COMPILATION_MODE = wholemodule;
				SWIFT_OPTIMIZATION_LEVEL = "-O";
				VALIDATE_PRODUCT = YES;
			};
			name = Release;
		};
		8F06FB2620FCDB57007C391E /* Debug */ = {
			isa = XCBuildConfiguration;
			buildSettings = {
				ASSETCATALOG_COMPILER_APPICON_NAME = AppIcon;
				CODE_SIGN_STYLE = Automatic;
				DEVELOPMENT_TEAM = 4X3P73M638;
				INFOPLIST_FILE = SlidingAlertViewController/Info.plist;
				LD_RUNPATH_SEARCH_PATHS = (
					"$(inherited)",
					"@executable_path/Frameworks",
				);
				PRODUCT_BUNDLE_IDENTIFIER = com.phase2.SlidingAlertViewController;
				PRODUCT_NAME = "$(TARGET_NAME)";
				SWIFT_VERSION = 4.0;
				TARGETED_DEVICE_FAMILY = "1,2";
			};
			name = Debug;
		};
		8F06FB2720FCDB57007C391E /* Release */ = {
			isa = XCBuildConfiguration;
			buildSettings = {
				ASSETCATALOG_COMPILER_APPICON_NAME = AppIcon;
				CODE_SIGN_STYLE = Automatic;
				DEVELOPMENT_TEAM = 4X3P73M638;
				INFOPLIST_FILE = SlidingAlertViewController/Info.plist;
				LD_RUNPATH_SEARCH_PATHS = (
					"$(inherited)",
					"@executable_path/Frameworks",
				);
				PRODUCT_BUNDLE_IDENTIFIER = com.phase2.SlidingAlertViewController;
				PRODUCT_NAME = "$(TARGET_NAME)";
				SWIFT_VERSION = 4.0;
				TARGETED_DEVICE_FAMILY = "1,2";
			};
			name = Release;
		};
/* End XCBuildConfiguration section */

/* Begin XCConfigurationList section */
		8F06FB0E20FCDB55007C391E /* Build configuration list for PBXProject "SlidingAlertViewController" */ = {
			isa = XCConfigurationList;
			buildConfigurations = (
				8F06FB2320FCDB57007C391E /* Debug */,
				8F06FB2420FCDB57007C391E /* Release */,
			);
			defaultConfigurationIsVisible = 0;
			defaultConfigurationName = Release;
		};
		8F06FB2520FCDB57007C391E /* Build configuration list for PBXNativeTarget "SlidingAlertViewController" */ = {
			isa = XCConfigurationList;
			buildConfigurations = (
				8F06FB2620FCDB57007C391E /* Debug */,
				8F06FB2720FCDB57007C391E /* Release */,
			);
			defaultConfigurationIsVisible = 0;
			defaultConfigurationName = Release;
		};
/* End XCConfigurationList section */
	};
	rootObject = 8F06FB0B20FCDB55007C391E /* Project object */;
}
